// !$*UTF8*$!
{
	archiveVersion = 1;
	classes = {
	};
	objectVersion = 46;
	objects = {

/* Begin PBXBuildFile section */
		8D5B49B4048680CD000E48DA /* Cocoa.framework in Frameworks */ = {isa = PBXBuildFile; fileRef = 1058C7ADFEA557BF11CA2CBB /* Cocoa.framework */; };
		D4DAA2E81010351E00D38425 /* SystemUIPlugin.framework in Frameworks */ = {isa = PBXBuildFile; fileRef = D4DAA2E71010351E00D38425 /* SystemUIPlugin.framework */; };
		D4DAA2F31010371700D38425 /* MenuCracker.icns in Resources */ = {isa = PBXBuildFile; fileRef = D4DAA2F21010371400D38425 /* MenuCracker.icns */; };
		D4DAA33710104FBC00D38425 /* MenuCracker.m in Sources */ = {isa = PBXBuildFile; fileRef = D4DAA33610104FBC00D38425 /* MenuCracker.m */; };
/* End PBXBuildFile section */

/* Begin PBXFileReference section */
		1058C7ADFEA557BF11CA2CBB /* Cocoa.framework */ = {isa = PBXFileReference; lastKnownFileType = wrapper.framework; name = Cocoa.framework; path = /System/Library/Frameworks/Cocoa.framework; sourceTree = "<absolute>"; };
		8D5B49B6048680CD000E48DA /* MenuCracker.menu */ = {isa = PBXFileReference; explicitFileType = wrapper.cfbundle; includeInIndex = 0; path = MenuCracker.menu; sourceTree = BUILT_PRODUCTS_DIR; };
		D4A8F5621012F9D5004A3DAB /* Artistic License.rtf */ = {isa = PBXFileReference; lastKnownFileType = text.rtf; path = "Artistic License.rtf"; sourceTree = "<group>"; };
		D4A8F59B10130B52004A3DAB /* Read Me.rtf */ = {isa = PBXFileReference; lastKnownFileType = text.rtf; path = "Read Me.rtf"; sourceTree = "<group>"; };
		D4DAA2E71010351E00D38425 /* SystemUIPlugin.framework */ = {isa = PBXFileReference; lastKnownFileType = wrapper.framework; name = SystemUIPlugin.framework; path = /System/Library/PrivateFrameworks/SystemUIPlugin.framework; sourceTree = "<absolute>"; };
		D4DAA2F11010371400D38425 /* Info.plist */ = {isa = PBXFileReference; fileEncoding = 4; lastKnownFileType = text.plist.xml; path = Info.plist; sourceTree = "<group>"; };
		D4DAA2F21010371400D38425 /* MenuCracker.icns */ = {isa = PBXFileReference; lastKnownFileType = image.icns; path = MenuCracker.icns; sourceTree = "<group>"; };
		D4DAA33610104FBC00D38425 /* MenuCracker.m */ = {isa = PBXFileReference; fileEncoding = 4; lastKnownFileType = sourcecode.c.objc; path = MenuCracker.m; sourceTree = "<group>"; };
/* End PBXFileReference section */

/* Begin PBXFrameworksBuildPhase section */
		8D5B49B3048680CD000E48DA /* Frameworks */ = {
			isa = PBXFrameworksBuildPhase;
			buildActionMask = 2147483647;
			files = (
				8D5B49B4048680CD000E48DA /* Cocoa.framework in Frameworks */,
				D4DAA2E81010351E00D38425 /* SystemUIPlugin.framework in Frameworks */,
			);
			runOnlyForDeploymentPostprocessing = 0;
		};
/* End PBXFrameworksBuildPhase section */

/* Begin PBXGroup section */
		089C166AFE841209C02AAC07 /* MenuCracker */ = {
			isa = PBXGroup;
			children = (
				D4DAA33610104FBC00D38425 /* MenuCracker.m */,
				D4A8F59B10130B52004A3DAB /* Read Me.rtf */,
				D4A8F5621012F9D5004A3DAB /* Artistic License.rtf */,
				D4DAA2F01010371400D38425 /* Resources */,
				089C1671FE841209C02AAC07 /* Frameworks */,
				19C28FB8FE9D52D311CA2CBB /* Products */,
			);
			name = MenuCracker;
			sourceTree = "<group>";
		};
		089C1671FE841209C02AAC07 /* Frameworks */ = {
			isa = PBXGroup;
			children = (
				1058C7ADFEA557BF11CA2CBB /* Cocoa.framework */,
				D4DAA2E71010351E00D38425 /* SystemUIPlugin.framework */,
			);
			name = Frameworks;
			sourceTree = "<group>";
		};
		19C28FB8FE9D52D311CA2CBB /* Products */ = {
			isa = PBXGroup;
			children = (
				8D5B49B6048680CD000E48DA /* MenuCracker.menu */,
			);
			name = Products;
			sourceTree = "<group>";
		};
		D4DAA2F01010371400D38425 /* Resources */ = {
			isa = PBXGroup;
			children = (
				D4DAA2F11010371400D38425 /* Info.plist */,
				D4DAA2F21010371400D38425 /* MenuCracker.icns */,
			);
			path = Resources;
			sourceTree = "<group>";
		};
/* End PBXGroup section */

/* Begin PBXNativeTarget section */
		8D5B49AC048680CD000E48DA /* MenuCracker */ = {
			isa = PBXNativeTarget;
			buildConfigurationList = 1DEB913A08733D840010E9CD /* Build configuration list for PBXNativeTarget "MenuCracker" */;
			buildPhases = (
				8D5B49AF048680CD000E48DA /* Resources */,
				8D5B49B1048680CD000E48DA /* Sources */,
				8D5B49B3048680CD000E48DA /* Frameworks */,
			);
			buildRules = (
			);
			dependencies = (
			);
			name = MenuCracker;
			productInstallPath = "$(HOME)/Library/Bundles";
			productName = MenuCracker;
			productReference = 8D5B49B6048680CD000E48DA /* MenuCracker.menu */;
			productType = "com.apple.product-type.bundle";
		};
/* End PBXNativeTarget section */

/* Begin PBXProject section */
		089C1669FE841209C02AAC07 /* Project object */ = {
			isa = PBXProject;
			attributes = {
				LastUpgradeCheck = 0620;
			};
			buildConfigurationList = 1DEB913E08733D840010E9CD /* Build configuration list for PBXProject "MenuCracker" */;
			compatibilityVersion = "Xcode 3.2";
			developmentRegion = English;
			hasScannedForEncodings = 1;
			knownRegions = (
				English,
				Japanese,
				French,
				German,
			);
			mainGroup = 089C166AFE841209C02AAC07 /* MenuCracker */;
			projectDirPath = "";
			projectRoot = "";
			targets = (
				8D5B49AC048680CD000E48DA /* MenuCracker */,
			);
		};
/* End PBXProject section */

/* Begin PBXResourcesBuildPhase section */
		8D5B49AF048680CD000E48DA /* Resources */ = {
			isa = PBXResourcesBuildPhase;
			buildActionMask = 2147483647;
			files = (
				D4DAA2F31010371700D38425 /* MenuCracker.icns in Resources */,
			);
			runOnlyForDeploymentPostprocessing = 0;
		};
/* End PBXResourcesBuildPhase section */

/* Begin PBXSourcesBuildPhase section */
		8D5B49B1048680CD000E48DA /* Sources */ = {
			isa = PBXSourcesBuildPhase;
			buildActionMask = 2147483647;
			files = (
				D4DAA33710104FBC00D38425 /* MenuCracker.m in Sources */,
			);
			runOnlyForDeploymentPostprocessing = 0;
		};
/* End PBXSourcesBuildPhase section */

/* Begin XCBuildConfiguration section */
		1DEB913B08733D840010E9CD /* Debug */ = {
			isa = XCBuildConfiguration;
			buildSettings = {
				COMBINE_HIDPI_IMAGES = YES;
				GCC_VERSION = com.apple.compilers.llvm.clang.1_0;
				INFOPLIST_FILE = Resources/Info.plist;
				PRODUCT_NAME = MenuCracker;
				"SDKROOT[arch=x86_64]" = macosx10.9;
				WRAPPER_EXTENSION = menu;
			};
			name = Debug;
		};
		1DEB913C08733D840010E9CD /* Release */ = {
			isa = XCBuildConfiguration;
			buildSettings = {
				COMBINE_HIDPI_IMAGES = YES;
				GCC_VERSION = com.apple.compilers.llvm.clang.1_0;
				INFOPLIST_FILE = Resources/Info.plist;
				PRODUCT_NAME = MenuCracker;
				WRAPPER_EXTENSION = menu;
			};
			name = Release;
		};
		1DEB913F08733D840010E9CD /* Debug */ = {
			isa = XCBuildConfiguration;
			buildSettings = {
				ARCHS = "$(ARCHS_STANDARD)";
				FRAMEWORK_SEARCH_PATHS = "\"$(SYSTEM_LIBRARY_DIR)/PrivateFrameworks\"";
				GCC_C_LANGUAGE_STANDARD = c99;
				GCC_OPTIMIZATION_LEVEL = 0;
				GCC_VERSION = 4.0;
				"GCC_VERSION[sdk=macosx10.4][arch=*]" = 4.0;
				"GCC_VERSION[sdk=macosx10.5][arch=*]" = 4.2;
				MACOSX_DEPLOYMENT_TARGET = 10.9;
				"MACOSX_DEPLOYMENT_TARGET[sdk=macosx10.4][arch=i386]" = 10.4;
				"MACOSX_DEPLOYMENT_TARGET[sdk=macosx10.4][arch=ppc]" = 10.2;
				"MACOSX_DEPLOYMENT_TARGET[sdk=macosx10.5][arch=*]" = 10.5;
				ONLY_ACTIVE_ARCH = YES;
				PREBINDING = NO;
				SDKROOT = macosx;
				"SDKROOT[arch=*]" = macosx10.9;
				WARNING_CFLAGS = (
					"-Wall",
					"-Werror",
					"-Wshorten-64-to-32",
				);
			};
			name = Debug;
		};
		1DEB914008733D840010E9CD /* Release */ = {
			isa = XCBuildConfiguration;
			buildSettings = {
				ARCHS = "$(ARCHS_STANDARD)";
				DEAD_CODE_STRIPPING = YES;
				FRAMEWORK_SEARCH_PATHS = "\"$(SYSTEM_LIBRARY_DIR)/PrivateFrameworks\"";
				GCC_C_LANGUAGE_STANDARD = c99;
				GCC_GENERATE_DEBUGGING_SYMBOLS = NO;
				GCC_OPTIMIZATION_LEVEL = s;
				GCC_VERSION = 4.0;
				"GCC_VERSION[sdk=macosx10.4][arch=*]" = 4.0;
				"GCC_VERSION[sdk=macosx10.5][arch=*]" = 4.2;
				MACOSX_DEPLOYMENT_TARGET = 10.9;
				"MACOSX_DEPLOYMENT_TARGET[sdk=macosx10.4][arch=i386]" = 10.4;
				"MACOSX_DEPLOYMENT_TARGET[sdk=macosx10.4][arch=ppc]" = 10.2;
				"MACOSX_DEPLOYMENT_TARGET[sdk=macosx10.5][arch=*]" = 10.5;
				PREBINDING = NO;
				SDKROOT = macosx;
				"SDKROOT[arch=*]" = macosx10.9;
				WARNING_CFLAGS = (
					"-Wall",
					"-Werror",
					"-Wshorten-64-to-32",
				);
			};
			name = Release;
		};
/* End XCBuildConfiguration section */

/* Begin XCConfigurationList section */
		1DEB913A08733D840010E9CD /* Build configuration list for PBXNativeTarget "MenuCracker" */ = {
			isa = XCConfigurationList;
			buildConfigurations = (
				1DEB913B08733D840010E9CD /* Debug */,
				1DEB913C08733D840010E9CD /* Release */,
			);
			defaultConfigurationIsVisible = 0;
			defaultConfigurationName = Release;
		};
		1DEB913E08733D840010E9CD /* Build configuration list for PBXProject "MenuCracker" */ = {
			isa = XCConfigurationList;
			buildConfigurations = (
				1DEB913F08733D840010E9CD /* Debug */,
				1DEB914008733D840010E9CD /* Release */,
			);
			defaultConfigurationIsVisible = 0;
			defaultConfigurationName = Release;
		};
/* End XCConfigurationList section */
	};
	rootObject = 089C1669FE841209C02AAC07 /* Project object */;
}
